// !$*UTF8*$!
{
	archiveVersion = 1;
	classes = {
	};
	objectVersion = 48;
	objects = {

/* Begin PBXBuildFile section */
		F7240A85204192C200D04790 /* AppDelegate.swift in Sources */ = {isa = PBXBuildFile; fileRef = F7240A84204192C200D04790 /* AppDelegate.swift */; };
		F7240A87204192C200D04790 /* ViewController.swift in Sources */ = {isa = PBXBuildFile; fileRef = F7240A86204192C200D04790 /* ViewController.swift */; };
		F7240A8A204192C200D04790 /* Main.storyboard in Resources */ = {isa = PBXBuildFile; fileRef = F7240A88204192C200D04790 /* Main.storyboard */; };
		F7240A8C204192C200D04790 /* Assets.xcassets in Resources */ = {isa = PBXBuildFile; fileRef = F7240A8B204192C200D04790 /* Assets.xcassets */; };
		F7240A8F204192C200D04790 /* LaunchScreen.storyboard in Resources */ = {isa = PBXBuildFile; fileRef = F7240A8D204192C200D04790 /* LaunchScreen.storyboard */; };
		F7240A97204192D800D04790 /* CSVParser.swift in Sources */ = {isa = PBXBuildFile; fileRef = F7240A96204192D800D04790 /* CSVParser.swift */; };
/* End PBXBuildFile section */

/* Begin PBXFileReference section */
		F7240A81204192C200D04790 /* SwiftCSVParser.app */ = {isa = PBXFileReference; explicitFileType = wrapper.application; includeInIndex = 0; path = SwiftCSVParser.app; sourceTree = BUILT_PRODUCTS_DIR; };
		F7240A84204192C200D04790 /* AppDelegate.swift */ = {isa = PBXFileReference; lastKnownFileType = sourcecode.swift; path = AppDelegate.swift; sourceTree = "<group>"; };
		F7240A86204192C200D04790 /* ViewController.swift */ = {isa = PBXFileReference; lastKnownFileType = sourcecode.swift; path = ViewController.swift; sourceTree = "<group>"; };
		F7240A89204192C200D04790 /* Base */ = {isa = PBXFileReference; lastKnownFileType = file.storyboard; name = Base; path = Base.lproj/Main.storyboard; sourceTree = "<group>"; };
		F7240A8B204192C200D04790 /* Assets.xcassets */ = {isa = PBXFileReference; lastKnownFileType = folder.assetcatalog; path = Assets.xcassets; sourceTree = "<group>"; };
		F7240A8E204192C200D04790 /* Base */ = {isa = PBXFileReference; lastKnownFileType = file.storyboard; name = Base; path = Base.lproj/LaunchScreen.storyboard; sourceTree = "<group>"; };
		F7240A90204192C200D04790 /* Info.plist */ = {isa = PBXFileReference; lastKnownFileType = text.plist.xml; path = Info.plist; sourceTree = "<group>"; };
		F7240A96204192D800D04790 /* CSVParser.swift */ = {isa = PBXFileReference; lastKnownFileType = sourcecode.swift; path = CSVParser.swift; sourceTree = "<group>"; };
/* End PBXFileReference section */

/* Begin PBXFrameworksBuildPhase section */
		F7240A7E204192C200D04790 /* Frameworks */ = {
			isa = PBXFrameworksBuildPhase;
			buildActionMask = 2147483647;
			files = (
			);
			runOnlyForDeploymentPostprocessing = 0;
		};
/* End PBXFrameworksBuildPhase section */

/* Begin PBXGroup section */
		F7240A78204192C200D04790 = {
			isa = PBXGroup;
			children = (
				F7240A83204192C200D04790 /* CSVParser */,
				F7240A82204192C200D04790 /* Products */,
			);
			sourceTree = "<group>";
		};
		F7240A82204192C200D04790 /* Products */ = {
			isa = PBXGroup;
			children = (
				F7240A81204192C200D04790 /* SwiftCSVParser.app */,
			);
			name = Products;
			sourceTree = "<group>";
		};
		F7240A83204192C200D04790 /* CSVParser */ = {
			isa = PBXGroup;
			children = (
				F7240A84204192C200D04790 /* AppDelegate.swift */,
				F7240A86204192C200D04790 /* ViewController.swift */,
				F7240A88204192C200D04790 /* Main.storyboard */,
				F7240A8B204192C200D04790 /* Assets.xcassets */,
				F7240A8D204192C200D04790 /* LaunchScreen.storyboard */,
				F7240A90204192C200D04790 /* Info.plist */,
				F7240A96204192D800D04790 /* CSVParser.swift */,
			);
			path = CSVParser;
			sourceTree = "<group>";
		};
/* End PBXGroup section */

/* Begin PBXNativeTarget section */
		F7240A80204192C200D04790 /* SwiftCSVParser */ = {
			isa = PBXNativeTarget;
			buildConfigurationList = F7240A93204192C200D04790 /* Build configuration list for PBXNativeTarget "SwiftCSVParser" */;
			buildPhases = (
				F7240A7D204192C200D04790 /* Sources */,
				F7240A7E204192C200D04790 /* Frameworks */,
				F7240A7F204192C200D04790 /* Resources */,
			);
			buildRules = (
			);
			dependencies = (
			);
			name = SwiftCSVParser;
			productName = CSVParser;
			productReference = F7240A81204192C200D04790 /* SwiftCSVParser.app */;
			productType = "com.apple.product-type.application";
		};
/* End PBXNativeTarget section */

/* Begin PBXProject section */
		F7240A79204192C200D04790 /* Project object */ = {
			isa = PBXProject;
			attributes = {
				LastSwiftUpdateCheck = 0920;
				LastUpgradeCheck = 0920;
				ORGANIZATIONNAME = "Bruno Campos";
				TargetAttributes = {
					F7240A80204192C200D04790 = {
						CreatedOnToolsVersion = 9.2;
						ProvisioningStyle = Automatic;
					};
				};
			};
			buildConfigurationList = F7240A7C204192C200D04790 /* Build configuration list for PBXProject "SwiftCSVParser" */;
			compatibilityVersion = "Xcode 8.0";
			developmentRegion = en;
			hasScannedForEncodings = 0;
			knownRegions = (
				en,
				Base,
			);
			mainGroup = F7240A78204192C200D04790;
			productRefGroup = F7240A82204192C200D04790 /* Products */;
			projectDirPath = "";
			projectRoot = "";
			targets = (
				F7240A80204192C200D04790 /* SwiftCSVParser */,
			);
		};
/* End PBXProject section */

/* Begin PBXResourcesBuildPhase section */
		F7240A7F204192C200D04790 /* Resources */ = {
			isa = PBXResourcesBuildPhase;
			buildActionMask = 2147483647;
			files = (
				F7240A8F204192C200D04790 /* LaunchScreen.storyboard in Resources */,
				F7240A8C204192C200D04790 /* Assets.xcassets in Resources */,
				F7240A8A204192C200D04790 /* Main.storyboard in Resources */,
			);
			runOnlyForDeploymentPostprocessing = 0;
		};
/* End PBXResourcesBuildPhase section */

/* Begin PBXSourcesBuildPhase section */
		F7240A7D204192C200D04790 /* Sources */ = {
			isa = PBXSourcesBuildPhase;
			buildActionMask = 2147483647;
			files = (
				F7240A87204192C200D04790 /* ViewController.swift in Sources */,
				F7240A85204192C200D04790 /* AppDelegate.swift in Sources */,
				F7240A97204192D800D04790 /* CSVParser.swift in Sources */,
			);
			runOnlyForDeploymentPostprocessing = 0;
		};
/* End PBXSourcesBuildPhase section */

/* Begin PBXVariantGroup section */
		F7240A88204192C200D04790 /* Main.storyboard */ = {
			isa = PBXVariantGroup;
			children = (
				F7240A89204192C200D04790 /* Base */,
			);
			name = Main.storyboard;
			sourceTree = "<group>";
		};
		F7240A8D204192C200D04790 /* LaunchScreen.storyboard */ = {
			isa = PBXVariantGroup;
			children = (
				F7240A8E204192C200D04790 /* Base */,
			);
			name = LaunchScreen.storyboard;
			sourceTree = "<group>";
		};
/* End PBXVariantGroup section */

/* Begin XCBuildConfiguration section */
		F7240A91204192C200D04790 /* Debug */ = {
			isa = XCBuildConfiguration;
			buildSettings = {
				ALWAYS_SEARCH_USER_PATHS = NO;
				CLANG_ANALYZER_NONNULL = YES;
				CLANG_ANALYZER_NUMBER_OBJECT_CONVERSION = YES_AGGRESSIVE;
				CLANG_CXX_LANGUAGE_STANDARD = "gnu++14";
				CLANG_CXX_LIBRARY = "libc++";
				CLANG_ENABLE_MODULES = YES;
				CLANG_ENABLE_OBJC_ARC = YES;
				CLANG_WARN_BLOCK_CAPTURE_AUTORELEASING = YES;
				CLANG_WARN_BOOL_CONVERSION = YES;
				CLANG_WARN_COMMA = YES;
				CLANG_WARN_CONSTANT_CONVERSION = YES;
				CLANG_WARN_DIRECT_OBJC_ISA_USAGE = YES_ERROR;
				CLANG_WARN_DOCUMENTATION_COMMENTS = YES;
				CLANG_WARN_EMPTY_BODY = YES;
				CLANG_WARN_ENUM_CONVERSION = YES;
				CLANG_WARN_INFINITE_RECURSION = YES;
				CLANG_WARN_INT_CONVERSION = YES;
				CLANG_WARN_NON_LITERAL_NULL_CONVERSION = YES;
				CLANG_WARN_OBJC_LITERAL_CONVERSION = YES;
				CLANG_WARN_OBJC_ROOT_CLASS = YES_ERROR;
				CLANG_WARN_RANGE_LOOP_ANALYSIS = YES;
				CLANG_WARN_STRICT_PROTOTYPES = YES;
				CLANG_WARN_SUSPICIOUS_MOVE = YES;
				CLANG_WARN_UNGUARDED_AVAILABILITY = YES_AGGRESSIVE;
				CLANG_WARN_UNREACHABLE_CODE = YES;
				CLANG_WARN__DUPLICATE_METHOD_MATCH = YES;
				CODE_SIGN_IDENTITY = "iPhone Developer";
				COPY_PHASE_STRIP = NO;
				DEBUG_INFORMATION_FORMAT = dwarf;
				ENABLE_STRICT_OBJC_MSGSEND = YES;
				ENABLE_TESTABILITY = YES;
				GCC_C_LANGUAGE_STANDARD = gnu11;
				GCC_DYNAMIC_NO_PIC = NO;
				GCC_NO_COMMON_BLOCKS = YES;
				GCC_OPTIMIZATION_LEVEL = 0;
				GCC_PREPROCESSOR_DEFINITIONS = (
					"DEBUG=1",
					"$(inherited)",
				);
				GCC_WARN_64_TO_32_BIT_CONVERSION = YES;
				GCC_WARN_ABOUT_RETURN_TYPE = YES_ERROR;
				GCC_WARN_UNDECLARED_SELECTOR = YES;
				GCC_WARN_UNINITIALIZED_AUTOS = YES_AGGRESSIVE;
				GCC_WARN_UNUSED_FUNCTION = YES;
				GCC_WARN_UNUSED_VARIABLE = YES;
				IPHONEOS_DEPLOYMENT_TARGET = 11.2;
				MTL_ENABLE_DEBUG_INFO = YES;
				ONLY_ACTIVE_ARCH = YES;
				SDKROOT = iphoneos;
				SWIFT_ACTIVE_COMPILATION_CONDITIONS = DEBUG;
				SWIFT_OPTIMIZATION_LEVEL = "-Onone";
			};
			name = Debug;
		};
		F7240A92204192C200D04790 /* Release */ = {
			isa = XCBuildConfiguration;
			buildSettings = {
				ALWAYS_SEARCH_USER_PATHS = NO;
				CLANG_ANALYZER_NONNULL = YES;
				CLANG_ANALYZER_NUMBER_OBJECT_CONVERSION = YES_AGGRESSIVE;
				CLANG_CXX_LANGUAGE_STANDARD = "gnu++14";
				CLANG_CXX_LIBRARY = "libc++";
				CLANG_ENABLE_MODULES = YES;
				CLANG_ENABLE_OBJC_ARC = YES;
				CLANG_WARN_BLOCK_CAPTURE_AUTORELEASING = YES;
				CLANG_WARN_BOOL_CONVERSION = YES;
				CLANG_WARN_COMMA = YES;
				CLANG_WARN_CONSTANT_CONVERSION = YES;
				CLANG_WARN_DIRECT_OBJC_ISA_USAGE = YES_ERROR;
				CLANG_WARN_DOCUMENTATION_COMMENTS = YES;
				CLANG_WARN_EMPTY_BODY = YES;
				CLANG_WARN_ENUM_CONVERSION = YES;
				CLANG_WARN_INFINITE_RECURSION = YES;
				CLANG_WARN_INT_CONVERSION = YES;
				CLANG_WARN_NON_LITERAL_NULL_CONVERSION = YES;
				CLANG_WARN_OBJC_LITERAL_CONVERSION = YES;
				CLANG_WARN_OBJC_ROOT_CLASS = YES_ERROR;
				CLANG_WARN_RANGE_LOOP_ANALYSIS = YES;
				CLANG_WARN_STRICT_PROTOTYPES = YES;
				CLANG_WARN_SUSPICIOUS_MOVE = YES;
				CLANG_WARN_UNGUARDED_AVAILABILITY = YES_AGGRESSIVE;
				CLANG_WARN_UNREACHABLE_CODE = YES;
				CLANG_WARN__DUPLICATE_METHOD_MATCH = YES;
				CODE_SIGN_IDENTITY = "iPhone Developer";
				COPY_PHASE_STRIP = NO;
				DEBUG_INFORMATION_FORMAT = "dwarf-with-dsym";
				ENABLE_NS_ASSERTIONS = NO;
				ENABLE_STRICT_OBJC_MSGSEND = YES;
				GCC_C_LANGUAGE_STANDARD = gnu11;
				GCC_NO_COMMON_BLOCKS = YES;
				GCC_WARN_64_TO_32_BIT_CONVERSION = YES;
				GCC_WARN_ABOUT_RETURN_TYPE = YES_ERROR;
				GCC_WARN_UNDECLARED_SELECTOR = YES;
				GCC_WARN_UNINITIALIZED_AUTOS = YES_AGGRESSIVE;
				GCC_WARN_UNUSED_FUNCTION = YES;
				GCC_WARN_UNUSED_VARIABLE = YES;
				IPHONEOS_DEPLOYMENT_TARGET = 11.2;
				MTL_ENABLE_DEBUG_INFO = NO;
				SDKROOT = iphoneos;
				SWIFT_OPTIMIZATION_LEVEL = "-Owholemodule";
				VALIDATE_PRODUCT = YES;
			};
			name = Release;
		};
		F7240A94204192C200D04790 /* Debug */ = {
			isa = XCBuildConfiguration;
			buildSettings = {
				ASSETCATALOG_COMPILER_APPICON_NAME = AppIcon;
				CODE_SIGN_STYLE = Automatic;
				DEVELOPMENT_TEAM = PHHGHM5K66;
				INFOPLIST_FILE = CSVParser/Info.plist;
				LD_RUNPATH_SEARCH_PATHS = "$(inherited) @executable_path/Frameworks";
				PRODUCT_BUNDLE_IDENTIFIER = com.camps.SwiftCSVParser;
				PRODUCT_NAME = "$(TARGET_NAME)";
				SWIFT_VERSION = 4.0;
				TARGETED_DEVICE_FAMILY = "1,2";
			};
			name = Debug;
		};
		F7240A95204192C200D04790 /* Release */ = {
			isa = XCBuildConfiguration;
			buildSettings = {
				ASSETCATALOG_COMPILER_APPICON_NAME = AppIcon;
				CODE_SIGN_STYLE = Automatic;
				DEVELOPMENT_TEAM = PHHGHM5K66;
				INFOPLIST_FILE = CSVParser/Info.plist;
				LD_RUNPATH_SEARCH_PATHS = "$(inherited) @executable_path/Frameworks";
				PRODUCT_BUNDLE_IDENTIFIER = com.camps.SwiftCSVParser;
				PRODUCT_NAME = "$(TARGET_NAME)";
				SWIFT_VERSION = 4.0;
				TARGETED_DEVICE_FAMILY = "1,2";
			};
			name = Release;
		};
/* End XCBuildConfiguration section */

/* Begin XCConfigurationList section */
		F7240A7C204192C200D04790 /* Build configuration list for PBXProject "SwiftCSVParser" */ = {
			isa = XCConfigurationList;
			buildConfigurations = (
				F7240A91204192C200D04790 /* Debug */,
				F7240A92204192C200D04790 /* Release */,
			);
			defaultConfigurationIsVisible = 0;
			defaultConfigurationName = Release;
		};
		F7240A93204192C200D04790 /* Build configuration list for PBXNativeTarget "SwiftCSVParser" */ = {
			isa = XCConfigurationList;
			buildConfigurations = (
				F7240A94204192C200D04790 /* Debug */,
				F7240A95204192C200D04790 /* Release */,
			);
			defaultConfigurationIsVisible = 0;
			defaultConfigurationName = Release;
		};
/* End XCConfigurationList section */
	};
	rootObject = F7240A79204192C200D04790 /* Project object */;
}
